// !$*UTF8*$!
{
	archiveVersion = 1;
	classes = {
	};
	objectVersion = 46;
	objects = {

/* Begin PBXBuildFile section */
		C1C3D5351666E36A00ED6809 /* UIKit.framework in Frameworks */ = {isa = PBXBuildFile; fileRef = C1C3D5341666E36A00ED6809 /* UIKit.framework */; };
		C1C3D5371666E36A00ED6809 /* Foundation.framework in Frameworks */ = {isa = PBXBuildFile; fileRef = C1C3D5361666E36A00ED6809 /* Foundation.framework */; };
		C1C3D5391666E36A00ED6809 /* CoreGraphics.framework in Frameworks */ = {isa = PBXBuildFile; fileRef = C1C3D5381666E36A00ED6809 /* CoreGraphics.framework */; };
		C1C3D53F1666E36A00ED6809 /* InfoPlist.strings in Resources */ = {isa = PBXBuildFile; fileRef = C1C3D53D1666E36A00ED6809 /* InfoPlist.strings */; };
		C1C3D5411666E36A00ED6809 /* main.m in Sources */ = {isa = PBXBuildFile; fileRef = C1C3D5401666E36A00ED6809 /* main.m */; };
		C1C3D5451666E36A00ED6809 /* AppDelegate.m in Sources */ = {isa = PBXBuildFile; fileRef = C1C3D5441666E36A00ED6809 /* AppDelegate.m */; };
		C1C3D5471666E36A00ED6809 /* Default.png in Resources */ = {isa = PBXBuildFile; fileRef = C1C3D5461666E36A00ED6809 /* Default.png */; };
		C1C3D5491666E36A00ED6809 /* Default@2x.png in Resources */ = {isa = PBXBuildFile; fileRef = C1C3D5481666E36A00ED6809 /* Default@2x.png */; };
		C1C3D54B1666E36C00ED6809 /* Default-568h@2x.png in Resources */ = {isa = PBXBuildFile; fileRef = C1C3D54A1666E36C00ED6809 /* Default-568h@2x.png */; };
		C1C3D54E1666E36D00ED6809 /* ViewController.m in Sources */ = {isa = PBXBuildFile; fileRef = C1C3D54D1666E36D00ED6809 /* ViewController.m */; };
		C1C3D5511666E36D00ED6809 /* ViewController.xib in Resources */ = {isa = PBXBuildFile; fileRef = C1C3D54F1666E36D00ED6809 /* ViewController.xib */; };
		C1C3D5581666E8F300ED6809 /* infoViewController.xib in Resources */ = {isa = PBXBuildFile; fileRef = C1C3D5571666E8F300ED6809 /* infoViewController.xib */; };
/* End PBXBuildFile section */

/* Begin PBXFileReference section */
		C1C3D5301666E36A00ED6809 /* Calculator.app */ = {isa = PBXFileReference; explicitFileType = wrapper.application; includeInIndex = 0; path = Calculator.app; sourceTree = BUILT_PRODUCTS_DIR; };
		C1C3D5341666E36A00ED6809 /* UIKit.framework */ = {isa = PBXFileReference; lastKnownFileType = wrapper.framework; name = UIKit.framework; path = System/Library/Frameworks/UIKit.framework; sourceTree = SDKROOT; };
		C1C3D5361666E36A00ED6809 /* Foundation.framework */ = {isa = PBXFileReference; lastKnownFileType = wrapper.framework; name = Foundation.framework; path = System/Library/Frameworks/Foundation.framework; sourceTree = SDKROOT; };
		C1C3D5381666E36A00ED6809 /* CoreGraphics.framework */ = {isa = PBXFileReference; lastKnownFileType = wrapper.framework; name = CoreGraphics.framework; path = System/Library/Frameworks/CoreGraphics.framework; sourceTree = SDKROOT; };
		C1C3D53C1666E36A00ED6809 /* Calculator-Info.plist */ = {isa = PBXFileReference; lastKnownFileType = text.plist.xml; path = "Calculator-Info.plist"; sourceTree = "<group>"; };
		C1C3D53E1666E36A00ED6809 /* en */ = {isa = PBXFileReference; lastKnownFileType = text.plist.strings; name = en; path = en.lproj/InfoPlist.strings; sourceTree = "<group>"; };
		C1C3D5401666E36A00ED6809 /* main.m */ = {isa = PBXFileReference; lastKnownFileType = sourcecode.c.objc; path = main.m; sourceTree = "<group>"; };
		C1C3D5421666E36A00ED6809 /* Calculator-Prefix.pch */ = {isa = PBXFileReference; lastKnownFileType = sourcecode.c.h; path = "Calculator-Prefix.pch"; sourceTree = "<group>"; };
		C1C3D5431666E36A00ED6809 /* AppDelegate.h */ = {isa = PBXFileReference; lastKnownFileType = sourcecode.c.h; path = AppDelegate.h; sourceTree = "<group>"; };
		C1C3D5441666E36A00ED6809 /* AppDelegate.m */ = {isa = PBXFileReference; lastKnownFileType = sourcecode.c.objc; path = AppDelegate.m; sourceTree = "<group>"; };
		C1C3D5461666E36A00ED6809 /* Default.png */ = {isa = PBXFileReference; lastKnownFileType = image.png; path = Default.png; sourceTree = "<group>"; };
		C1C3D5481666E36A00ED6809 /* Default@2x.png */ = {isa = PBXFileReference; lastKnownFileType = image.png; path = "Default@2x.png"; sourceTree = "<group>"; };
		C1C3D54A1666E36C00ED6809 /* Default-568h@2x.png */ = {isa = PBXFileReference; lastKnownFileType = image.png; path = "Default-568h@2x.png"; sourceTree = "<group>"; };
		C1C3D54C1666E36C00ED6809 /* ViewController.h */ = {isa = PBXFileReference; lastKnownFileType = sourcecode.c.h; path = ViewController.h; sourceTree = "<group>"; };
		C1C3D54D1666E36D00ED6809 /* ViewController.m */ = {isa = PBXFileReference; lastKnownFileType = sourcecode.c.objc; path = ViewController.m; sourceTree = "<group>"; };
		C1C3D5501666E36D00ED6809 /* en */ = {isa = PBXFileReference; lastKnownFileType = file.xib; name = en; path = en.lproj/ViewController.xib; sourceTree = "<group>"; };
		C1C3D5571666E8F300ED6809 /* infoViewController.xib */ = {isa = PBXFileReference; fileEncoding = 4; lastKnownFileType = file.xib; path = infoViewController.xib; sourceTree = "<group>"; };
/* End PBXFileReference section */

/* Begin PBXFrameworksBuildPhase section */
		C1C3D52D1666E36A00ED6809 /* Frameworks */ = {
			isa = PBXFrameworksBuildPhase;
			buildActionMask = 2147483647;
			files = (
				C1C3D5351666E36A00ED6809 /* UIKit.framework in Frameworks */,
				C1C3D5371666E36A00ED6809 /* Foundation.framework in Frameworks */,
				C1C3D5391666E36A00ED6809 /* CoreGraphics.framework in Frameworks */,
			);
			runOnlyForDeploymentPostprocessing = 0;
		};
/* End PBXFrameworksBuildPhase section */

/* Begin PBXGroup section */
		C1C3D5251666E36A00ED6809 = {
			isa = PBXGroup;
			children = (
				C1C3D53A1666E36A00ED6809 /* Calculator */,
				C1C3D5331666E36A00ED6809 /* Frameworks */,
				C1C3D5311666E36A00ED6809 /* Products */,
			);
			sourceTree = "<group>";
		};
		C1C3D5311666E36A00ED6809 /* Products */ = {
			isa = PBXGroup;
			children = (
				C1C3D5301666E36A00ED6809 /* Calculator.app */,
			);
			name = Products;
			sourceTree = "<group>";
		};
		C1C3D5331666E36A00ED6809 /* Frameworks */ = {
			isa = PBXGroup;
			children = (
				C1C3D5341666E36A00ED6809 /* UIKit.framework */,
				C1C3D5361666E36A00ED6809 /* Foundation.framework */,
				C1C3D5381666E36A00ED6809 /* CoreGraphics.framework */,
			);
			name = Frameworks;
			sourceTree = "<group>";
		};
		C1C3D53A1666E36A00ED6809 /* Calculator */ = {
			isa = PBXGroup;
			children = (
				C1C3D5431666E36A00ED6809 /* AppDelegate.h */,
				C1C3D5441666E36A00ED6809 /* AppDelegate.m */,
				C1C3D54C1666E36C00ED6809 /* ViewController.h */,
				C1C3D54D1666E36D00ED6809 /* ViewController.m */,
				C1C3D54F1666E36D00ED6809 /* ViewController.xib */,
				C1C3D5571666E8F300ED6809 /* infoViewController.xib */,
				C1C3D53B1666E36A00ED6809 /* Supporting Files */,
			);
			path = Calculator;
			sourceTree = "<group>";
		};
		C1C3D53B1666E36A00ED6809 /* Supporting Files */ = {
			isa = PBXGroup;
			children = (
				C1C3D53C1666E36A00ED6809 /* Calculator-Info.plist */,
				C1C3D53D1666E36A00ED6809 /* InfoPlist.strings */,
				C1C3D5401666E36A00ED6809 /* main.m */,
				C1C3D5421666E36A00ED6809 /* Calculator-Prefix.pch */,
				C1C3D5461666E36A00ED6809 /* Default.png */,
				C1C3D5481666E36A00ED6809 /* Default@2x.png */,
				C1C3D54A1666E36C00ED6809 /* Default-568h@2x.png */,
			);
			name = "Supporting Files";
			sourceTree = "<group>";
		};
/* End PBXGroup section */

/* Begin PBXNativeTarget section */
		C1C3D52F1666E36A00ED6809 /* Calculator */ = {
			isa = PBXNativeTarget;
			buildConfigurationList = C1C3D5541666E36D00ED6809 /* Build configuration list for PBXNativeTarget "Calculator" */;
			buildPhases = (
				C1C3D52C1666E36A00ED6809 /* Sources */,
				C1C3D52D1666E36A00ED6809 /* Frameworks */,
				C1C3D52E1666E36A00ED6809 /* Resources */,
			);
			buildRules = (
			);
			dependencies = (
			);
			name = Calculator;
			productName = Calculator;
			productReference = C1C3D5301666E36A00ED6809 /* Calculator.app */;
			productType = "com.apple.product-type.application";
		};
/* End PBXNativeTarget section */

/* Begin PBXProject section */
		C1C3D5271666E36A00ED6809 /* Project object */ = {
			isa = PBXProject;
			attributes = {
				LastUpgradeCheck = 0450;
				ORGANIZATIONNAME = FullSail;
			};
			buildConfigurationList = C1C3D52A1666E36A00ED6809 /* Build configuration list for PBXProject "Calculator" */;
			compatibilityVersion = "Xcode 3.2";
			developmentRegion = English;
			hasScannedForEncodings = 0;
			knownRegions = (
				en,
			);
			mainGroup = C1C3D5251666E36A00ED6809;
			productRefGroup = C1C3D5311666E36A00ED6809 /* Products */;
			projectDirPath = "";
			projectRoot = "";
			targets = (
				C1C3D52F1666E36A00ED6809 /* Calculator */,
			);
		};
/* End PBXProject section */

/* Begin PBXResourcesBuildPhase section */
		C1C3D52E1666E36A00ED6809 /* Resources */ = {
			isa = PBXResourcesBuildPhase;
			buildActionMask = 2147483647;
			files = (
				C1C3D53F1666E36A00ED6809 /* InfoPlist.strings in Resources */,
				C1C3D5471666E36A00ED6809 /* Default.png in Resources */,
				C1C3D5491666E36A00ED6809 /* Default@2x.png in Resources */,
				C1C3D54B1666E36C00ED6809 /* Default-568h@2x.png in Resources */,
				C1C3D5511666E36D00ED6809 /* ViewController.xib in Resources */,
				C1C3D5581666E8F300ED6809 /* infoViewController.xib in Resources */,
			);
			runOnlyForDeploymentPostprocessing = 0;
		};
/* End PBXResourcesBuildPhase section */

/* Begin PBXSourcesBuildPhase section */
		C1C3D52C1666E36A00ED6809 /* Sources */ = {
			isa = PBXSourcesBuildPhase;
			buildActionMask = 2147483647;
			files = (
				C1C3D5411666E36A00ED6809 /* main.m in Sources */,
				C1C3D5451666E36A00ED6809 /* AppDelegate.m in Sources */,
				C1C3D54E1666E36D00ED6809 /* ViewController.m in Sources */,
			);
			runOnlyForDeploymentPostprocessing = 0;
		};
/* End PBXSourcesBuildPhase section */

/* Begin PBXVariantGroup section */
		C1C3D53D1666E36A00ED6809 /* InfoPlist.strings */ = {
			isa = PBXVariantGroup;
			children = (
				C1C3D53E1666E36A00ED6809 /* en */,
			);
			name = InfoPlist.strings;
			sourceTree = "<group>";
		};
		C1C3D54F1666E36D00ED6809 /* ViewController.xib */ = {
			isa = PBXVariantGroup;
			children = (
				C1C3D5501666E36D00ED6809 /* en */,
			);
			name = ViewController.xib;
			sourceTree = "<group>";
		};
/* End PBXVariantGroup section */

/* Begin XCBuildConfiguration section */
		C1C3D5521666E36D00ED6809 /* Debug */ = {
			isa = XCBuildConfiguration;
			buildSettings = {
				ALWAYS_SEARCH_USER_PATHS = NO;
				CLANG_CXX_LANGUAGE_STANDARD = "gnu++0x";
				CLANG_CXX_LIBRARY = "libc++";
				CLANG_WARN_EMPTY_BODY = YES;
				CLANG_WARN__DUPLICATE_METHOD_MATCH = YES;
				"CODE_SIGN_IDENTITY[sdk=iphoneos*]" = "iPhone Developer";
				COPY_PHASE_STRIP = NO;
				GCC_C_LANGUAGE_STANDARD = gnu99;
				GCC_DYNAMIC_NO_PIC = NO;
				GCC_OPTIMIZATION_LEVEL = 0;
				GCC_PREPROCESSOR_DEFINITIONS = (
					"DEBUG=1",
					"$(inherited)",
				);
				GCC_SYMBOLS_PRIVATE_EXTERN = NO;
				GCC_WARN_ABOUT_RETURN_TYPE = YES;
				GCC_WARN_UNINITIALIZED_AUTOS = YES;
				GCC_WARN_UNUSED_VARIABLE = YES;
				IPHONEOS_DEPLOYMENT_TARGET = 6.0;
				ONLY_ACTIVE_ARCH = YES;
				SDKROOT = iphoneos;
			};
			name = Debug;
		};
		C1C3D5531666E36D00ED6809 /* Release */ = {
			isa = XCBuildConfiguration;
			buildSettings = {
				ALWAYS_SEARCH_USER_PATHS = NO;
				CLANG_CXX_LANGUAGE_STANDARD = "gnu++0x";
				CLANG_CXX_LIBRARY = "libc++";
				CLANG_WARN_EMPTY_BODY = YES;
				CLANG_WARN__DUPLICATE_METHOD_MATCH = YES;
				"CODE_SIGN_IDENTITY[sdk=iphoneos*]" = "iPhone Developer";
				COPY_PHASE_STRIP = YES;
				GCC_C_LANGUAGE_STANDARD = gnu99;
				GCC_WARN_ABOUT_RETURN_TYPE = YES;
				GCC_WARN_UNINITIALIZED_AUTOS = YES;
				GCC_WARN_UNUSED_VARIABLE = YES;
				IPHONEOS_DEPLOYMENT_TARGET = 6.0;
				OTHER_CFLAGS = "-DNS_BLOCK_ASSERTIONS=1";
				SDKROOT = iphoneos;
				VALIDATE_PRODUCT = YES;
			};
			name = Release;
		};
		C1C3D5551666E36D00ED6809 /* Debug */ = {
			isa = XCBuildConfiguration;
			buildSettings = {
				GCC_PRECOMPILE_PREFIX_HEADER = YES;
				GCC_PREFIX_HEADER = "Calculator/Calculator-Prefix.pch";
				INFOPLIST_FILE = "Calculator/Calculator-Info.plist";
				PRODUCT_NAME = "$(TARGET_NAME)";
				WRAPPER_EXTENSION = app;
			};
			name = Debug;
		};
		C1C3D5561666E36D00ED6809 /* Release */ = {
			isa = XCBuildConfiguration;
			buildSettings = {
				GCC_PRECOMPILE_PREFIX_HEADER = YES;
				GCC_PREFIX_HEADER = "Calculator/Calculator-Prefix.pch";
				INFOPLIST_FILE = "Calculator/Calculator-Info.plist";
				PRODUCT_NAME = "$(TARGET_NAME)";
				WRAPPER_EXTENSION = app;
			};
			name = Release;
		};
/* End XCBuildConfiguration section */

/* Begin XCConfigurationList section */
		C1C3D52A1666E36A00ED6809 /* Build configuration list for PBXProject "Calculator" */ = {
			isa = XCConfigurationList;
			buildConfigurations = (
				C1C3D5521666E36D00ED6809 /* Debug */,
				C1C3D5531666E36D00ED6809 /* Release */,
			);
			defaultConfigurationIsVisible = 0;
			defaultConfigurationName = Release;
		};
		C1C3D5541666E36D00ED6809 /* Build configuration list for PBXNativeTarget "Calculator" */ = {
			isa = XCConfigurationList;
			buildConfigurations = (
				C1C3D5551666E36D00ED6809 /* Debug */,
				C1C3D5561666E36D00ED6809 /* Release */,
			);
			defaultConfigurationIsVisible = 0;
		};
/* End XCConfigurationList section */
	};
	rootObject = C1C3D5271666E36A00ED6809 /* Project object */;
}
